PODS:
  - Alamofire (5.6.4)
  - StripeApplePay (23.6.0):
    - StripeCore (= 23.6.0)
  - StripeCore (23.6.0)
  - StripePayments (23.6.0):
    - StripeCore (= 23.6.0)
    - StripePayments/Stripe3DS2 (= 23.6.0)
  - StripePayments/Stripe3DS2 (23.6.0):
    - StripeCore (= 23.6.0)
  - StripePaymentSheet (23.6.0):
    - StripeApplePay (= 23.6.0)
    - StripeCore (= 23.6.0)
    - StripePayments (= 23.6.0)
    - StripePaymentsUI (= 23.6.0)
  - StripePaymentsUI (23.6.0):
    - StripeCore (= 23.6.0)
    - StripePayments (= 23.6.0)
    - StripeUICore (= 23.6.0)
  - StripeUICore (23.6.0):
    - StripeCore (= 23.6.0)

DEPENDENCIES:
  - Alamofire
  - StripePaymentSheet

SPEC REPOS:
  trunk:
    - Alamofire
    - StripeApplePay
    - StripeCore
    - StripePayments
    - StripePaymentSheet
    - StripePaymentsUI
    - StripeUICore

SPEC CHECKSUMS:
  Alamofire: 4e95d97098eacb88856099c4fc79b526a299e48c
  StripeApplePay: 484761d4760ddb8af8c1510b8735cd9aee94515f
  StripeCore: 0e83ad26d508e5a8e9eb04d6ddd3cbb08a3f7816
  StripePayments: cdd5222052d541f4daf1d84515f0b9cd18720534
  StripePaymentSheet: 835aabcac7946d6b6b341055d021428b96894b70
  StripePaymentsUI: 835b9422f86ceb2ca02b4146db9d3f7bf1acb0d9
  StripeUICore: 81bac0f54df659ab7c5dd4f5a57719a5fecdcdc9

PODFILE CHECKSUM: 312007073937c96ce5cbdd78a814e7565e828b53

COCOAPODS: 1.12.0
